
Microsoft Visual Studio Solution File, Format Version 12.00
# Visual Studio Version 17
VisualStudioVersion = 17.3.32811.315
MinimumVisualStudioVersion = 10.0.40219.1
Project("{FAE04EC0-301F-11D3-BF4B-00C04F79EFBC}") = "OurBooksAPI", "OurBooksAPI\OurBooksAPI.csproj", "{A0D7E454-0523-4D2E-8583-3FA870BFE876}"
EndProject
Project("{FAE04EC0-301F-11D3-BF4B-00C04F79EFBC}") = "RepositoryLayer", "RepositoryLayer\RepositoryLayer.csproj", "{EC290699-1069-4CB9-845F-D10CCA3D464E}"
EndProject
Project("{FAE04EC0-301F-11D3-BF4B-00C04F79EFBC}") = "BusinessLayer", "BusinessLayer\BusinessLayer.csproj", "{141AD9ED-F7A3-41B8-94FB-D319CBE06155}"
EndProject
Project("{FAE04EC0-301F-11D3-BF4B-00C04F79EFBC}") = "ModelsLayer", "ModelsLayer\ModelsLayer.csproj", "{D132B8FE-C2C1-4A14-9F66-284E144F0406}"
EndProject
Global
	GlobalSection(SolutionConfigurationPlatforms) = preSolution
		Debug|Any CPU = Debug|Any CPU
		Release|Any CPU = Release|Any CPU
	EndGlobalSection
	GlobalSection(ProjectConfigurationPlatforms) = postSolution
		{A0D7E454-0523-4D2E-8583-3FA870BFE876}.Debug|Any CPU.ActiveCfg = Debug|Any CPU
		{A0D7E454-0523-4D2E-8583-3FA870BFE876}.Debug|Any CPU.Build.0 = Debug|Any CPU
		{A0D7E454-0523-4D2E-8583-3FA870BFE876}.Release|Any CPU.ActiveCfg = Release|Any CPU
		{A0D7E454-0523-4D2E-8583-3FA870BFE876}.Release|Any CPU.Build.0 = Release|Any CPU
		{EC290699-1069-4CB9-845F-D10CCA3D464E}.Debug|Any CPU.ActiveCfg = Debug|Any CPU
		{EC290699-1069-4CB9-845F-D10CCA3D464E}.Debug|Any CPU.Build.0 = Debug|Any CPU
		{EC290699-1069-4CB9-845F-D10CCA3D464E}.Release|Any CPU.ActiveCfg = Release|Any CPU
		{EC290699-1069-4CB9-845F-D10CCA3D464E}.Release|Any CPU.Build.0 = Release|Any CPU
		{141AD9ED-F7A3-41B8-94FB-D319CBE06155}.Debug|Any CPU.ActiveCfg = Debug|Any CPU
		{141AD9ED-F7A3-41B8-94FB-D319CBE06155}.Debug|Any CPU.Build.0 = Debug|Any CPU
		{141AD9ED-F7A3-41B8-94FB-D319CBE06155}.Release|Any CPU.ActiveCfg = Release|Any CPU
		{141AD9ED-F7A3-41B8-94FB-D319CBE06155}.Release|Any CPU.Build.0 = Release|Any CPU
		{D132B8FE-C2C1-4A14-9F66-284E144F0406}.Debug|Any CPU.ActiveCfg = Debug|Any CPU
		{D132B8FE-C2C1-4A14-9F66-284E144F0406}.Debug|Any CPU.Build.0 = Debug|Any CPU
		{D132B8FE-C2C1-4A14-9F66-284E144F0406}.Release|Any CPU.ActiveCfg = Release|Any CPU
		{D132B8FE-C2C1-4A14-9F66-284E144F0406}.Release|Any CPU.Build.0 = Release|Any CPU
	EndGlobalSection
	GlobalSection(SolutionProperties) = preSolution
		HideSolutionNode = FALSE
	EndGlobalSection
	GlobalSection(ExtensibilityGlobals) = postSolution
		SolutionGuid = {BE30FA70-9827-4EC5-BC32-3951BD94E4BE}
	EndGlobalSection
EndGlobal
